// !$*UTF8*$!
{
	archiveVersion = 1;
	classes = {
	};
	objectVersion = 46;
	objects = {

/* Begin PBXBuildFile section */
		9198EC161B0A990800559592 /* AppDelegate.swift in Sources */ = {isa = PBXBuildFile; fileRef = 9198EC151B0A990800559592 /* AppDelegate.swift */; };
		9198EC191B0A990800559592 /* ab_HitList.xcdatamodeld in Sources */ = {isa = PBXBuildFile; fileRef = 9198EC171B0A990800559592 /* ab_HitList.xcdatamodeld */; };
		9198EC1B1B0A990800559592 /* ViewController.swift in Sources */ = {isa = PBXBuildFile; fileRef = 9198EC1A1B0A990800559592 /* ViewController.swift */; };
		9198EC1E1B0A990800559592 /* Main.storyboard in Resources */ = {isa = PBXBuildFile; fileRef = 9198EC1C1B0A990800559592 /* Main.storyboard */; };
		9198EC201B0A990800559592 /* Images.xcassets in Resources */ = {isa = PBXBuildFile; fileRef = 9198EC1F1B0A990800559592 /* Images.xcassets */; };
		9198EC231B0A990800559592 /* LaunchScreen.xib in Resources */ = {isa = PBXBuildFile; fileRef = 9198EC211B0A990800559592 /* LaunchScreen.xib */; };
		9198EC2F1B0A990900559592 /* ab_HitListTests.swift in Sources */ = {isa = PBXBuildFile; fileRef = 9198EC2E1B0A990900559592 /* ab_HitListTests.swift */; };
/* End PBXBuildFile section */

/* Begin PBXContainerItemProxy section */
		9198EC291B0A990900559592 /* PBXContainerItemProxy */ = {
			isa = PBXContainerItemProxy;
			containerPortal = 9198EC081B0A990800559592 /* Project object */;
			proxyType = 1;
			remoteGlobalIDString = 9198EC0F1B0A990800559592;
			remoteInfo = "ab-HitList";
		};
/* End PBXContainerItemProxy section */

/* Begin PBXFileReference section */
		9198EC101B0A990800559592 /* ab-HitList.app */ = {isa = PBXFileReference; explicitFileType = wrapper.application; includeInIndex = 0; path = "ab-HitList.app"; sourceTree = BUILT_PRODUCTS_DIR; };
		9198EC141B0A990800559592 /* Info.plist */ = {isa = PBXFileReference; lastKnownFileType = text.plist.xml; path = Info.plist; sourceTree = "<group>"; };
		9198EC151B0A990800559592 /* AppDelegate.swift */ = {isa = PBXFileReference; lastKnownFileType = sourcecode.swift; path = AppDelegate.swift; sourceTree = "<group>"; };
		9198EC181B0A990800559592 /* ab_HitList.xcdatamodel */ = {isa = PBXFileReference; lastKnownFileType = wrapper.xcdatamodel; path = ab_HitList.xcdatamodel; sourceTree = "<group>"; };
		9198EC1A1B0A990800559592 /* ViewController.swift */ = {isa = PBXFileReference; lastKnownFileType = sourcecode.swift; path = ViewController.swift; sourceTree = "<group>"; };
		9198EC1D1B0A990800559592 /* Base */ = {isa = PBXFileReference; lastKnownFileType = file.storyboard; name = Base; path = Base.lproj/Main.storyboard; sourceTree = "<group>"; };
		9198EC1F1B0A990800559592 /* Images.xcassets */ = {isa = PBXFileReference; lastKnownFileType = folder.assetcatalog; path = Images.xcassets; sourceTree = "<group>"; };
		9198EC221B0A990800559592 /* Base */ = {isa = PBXFileReference; lastKnownFileType = file.xib; name = Base; path = Base.lproj/LaunchScreen.xib; sourceTree = "<group>"; };
		9198EC281B0A990900559592 /* ab-HitListTests.xctest */ = {isa = PBXFileReference; explicitFileType = wrapper.cfbundle; includeInIndex = 0; path = "ab-HitListTests.xctest"; sourceTree = BUILT_PRODUCTS_DIR; };
		9198EC2D1B0A990900559592 /* Info.plist */ = {isa = PBXFileReference; lastKnownFileType = text.plist.xml; path = Info.plist; sourceTree = "<group>"; };
		9198EC2E1B0A990900559592 /* ab_HitListTests.swift */ = {isa = PBXFileReference; lastKnownFileType = sourcecode.swift; path = ab_HitListTests.swift; sourceTree = "<group>"; };
/* End PBXFileReference section */

/* Begin PBXFrameworksBuildPhase section */
		9198EC0D1B0A990800559592 /* Frameworks */ = {
			isa = PBXFrameworksBuildPhase;
			buildActionMask = 2147483647;
			files = (
			);
			runOnlyForDeploymentPostprocessing = 0;
		};
		9198EC251B0A990900559592 /* Frameworks */ = {
			isa = PBXFrameworksBuildPhase;
			buildActionMask = 2147483647;
			files = (
			);
			runOnlyForDeploymentPostprocessing = 0;
		};
/* End PBXFrameworksBuildPhase section */

/* Begin PBXGroup section */
		9198EC071B0A990800559592 = {
			isa = PBXGroup;
			children = (
				9198EC121B0A990800559592 /* ab-HitList */,
				9198EC2B1B0A990900559592 /* ab-HitListTests */,
				9198EC111B0A990800559592 /* Products */,
			);
			sourceTree = "<group>";
		};
		9198EC111B0A990800559592 /* Products */ = {
			isa = PBXGroup;
			children = (
				9198EC101B0A990800559592 /* ab-HitList.app */,
				9198EC281B0A990900559592 /* ab-HitListTests.xctest */,
			);
			name = Products;
			sourceTree = "<group>";
		};
		9198EC121B0A990800559592 /* ab-HitList */ = {
			isa = PBXGroup;
			children = (
				9198EC151B0A990800559592 /* AppDelegate.swift */,
				9198EC1A1B0A990800559592 /* ViewController.swift */,
				9198EC1C1B0A990800559592 /* Main.storyboard */,
				9198EC1F1B0A990800559592 /* Images.xcassets */,
				9198EC211B0A990800559592 /* LaunchScreen.xib */,
				9198EC171B0A990800559592 /* ab_HitList.xcdatamodeld */,
				9198EC131B0A990800559592 /* Supporting Files */,
			);
			path = "ab-HitList";
			sourceTree = "<group>";
		};
		9198EC131B0A990800559592 /* Supporting Files */ = {
			isa = PBXGroup;
			children = (
				9198EC141B0A990800559592 /* Info.plist */,
			);
			name = "Supporting Files";
			sourceTree = "<group>";
		};
		9198EC2B1B0A990900559592 /* ab-HitListTests */ = {
			isa = PBXGroup;
			children = (
				9198EC2E1B0A990900559592 /* ab_HitListTests.swift */,
				9198EC2C1B0A990900559592 /* Supporting Files */,
			);
			path = "ab-HitListTests";
			sourceTree = "<group>";
		};
		9198EC2C1B0A990900559592 /* Supporting Files */ = {
			isa = PBXGroup;
			children = (
				9198EC2D1B0A990900559592 /* Info.plist */,
			);
			name = "Supporting Files";
			sourceTree = "<group>";
		};
/* End PBXGroup section */

/* Begin PBXNativeTarget section */
		9198EC0F1B0A990800559592 /* ab-HitList */ = {
			isa = PBXNativeTarget;
			buildConfigurationList = 9198EC321B0A990900559592 /* Build configuration list for PBXNativeTarget "ab-HitList" */;
			buildPhases = (
				9198EC0C1B0A990800559592 /* Sources */,
				9198EC0D1B0A990800559592 /* Frameworks */,
				9198EC0E1B0A990800559592 /* Resources */,
			);
			buildRules = (
			);
			dependencies = (
			);
			name = "ab-HitList";
			productName = "ab-HitList";
			productReference = 9198EC101B0A990800559592 /* ab-HitList.app */;
			productType = "com.apple.product-type.application";
		};
		9198EC271B0A990900559592 /* ab-HitListTests */ = {
			isa = PBXNativeTarget;
			buildConfigurationList = 9198EC351B0A990900559592 /* Build configuration list for PBXNativeTarget "ab-HitListTests" */;
			buildPhases = (
				9198EC241B0A990900559592 /* Sources */,
				9198EC251B0A990900559592 /* Frameworks */,
				9198EC261B0A990900559592 /* Resources */,
			);
			buildRules = (
			);
			dependencies = (
				9198EC2A1B0A990900559592 /* PBXTargetDependency */,
			);
			name = "ab-HitListTests";
			productName = "ab-HitListTests";
			productReference = 9198EC281B0A990900559592 /* ab-HitListTests.xctest */;
			productType = "com.apple.product-type.bundle.unit-test";
		};
/* End PBXNativeTarget section */

/* Begin PBXProject section */
		9198EC081B0A990800559592 /* Project object */ = {
			isa = PBXProject;
			attributes = {
				LastUpgradeCheck = 0630;
				ORGANIZATIONNAME = "Aaron Bradley";
				TargetAttributes = {
					9198EC0F1B0A990800559592 = {
						CreatedOnToolsVersion = 6.3.1;
					};
					9198EC271B0A990900559592 = {
						CreatedOnToolsVersion = 6.3.1;
						TestTargetID = 9198EC0F1B0A990800559592;
					};
				};
			};
			buildConfigurationList = 9198EC0B1B0A990800559592 /* Build configuration list for PBXProject "ab-HitList" */;
			compatibilityVersion = "Xcode 3.2";
			developmentRegion = English;
			hasScannedForEncodings = 0;
			knownRegions = (
				en,
				Base,
			);
			mainGroup = 9198EC071B0A990800559592;
			productRefGroup = 9198EC111B0A990800559592 /* Products */;
			projectDirPath = "";
			projectRoot = "";
			targets = (
				9198EC0F1B0A990800559592 /* ab-HitList */,
				9198EC271B0A990900559592 /* ab-HitListTests */,
			);
		};
/* End PBXProject section */

/* Begin PBXResourcesBuildPhase section */
		9198EC0E1B0A990800559592 /* Resources */ = {
			isa = PBXResourcesBuildPhase;
			buildActionMask = 2147483647;
			files = (
				9198EC1E1B0A990800559592 /* Main.storyboard in Resources */,
				9198EC231B0A990800559592 /* LaunchScreen.xib in Resources */,
				9198EC201B0A990800559592 /* Images.xcassets in Resources */,
			);
			runOnlyForDeploymentPostprocessing = 0;
		};
		9198EC261B0A990900559592 /* Resources */ = {
			isa = PBXResourcesBuildPhase;
			buildActionMask = 2147483647;
			files = (
			);
			runOnlyForDeploymentPostprocessing = 0;
		};
/* End PBXResourcesBuildPhase section */

/* Begin PBXSourcesBuildPhase section */
		9198EC0C1B0A990800559592 /* Sources */ = {
			isa = PBXSourcesBuildPhase;
			buildActionMask = 2147483647;
			files = (
				9198EC1B1B0A990800559592 /* ViewController.swift in Sources */,
				9198EC191B0A990800559592 /* ab_HitList.xcdatamodeld in Sources */,
				9198EC161B0A990800559592 /* AppDelegate.swift in Sources */,
			);
			runOnlyForDeploymentPostprocessing = 0;
		};
		9198EC241B0A990900559592 /* Sources */ = {
			isa = PBXSourcesBuildPhase;
			buildActionMask = 2147483647;
			files = (
				9198EC2F1B0A990900559592 /* ab_HitListTests.swift in Sources */,
			);
			runOnlyForDeploymentPostprocessing = 0;
		};
/* End PBXSourcesBuildPhase section */

/* Begin PBXTargetDependency section */
		9198EC2A1B0A990900559592 /* PBXTargetDependency */ = {
			isa = PBXTargetDependency;
			target = 9198EC0F1B0A990800559592 /* ab-HitList */;
			targetProxy = 9198EC291B0A990900559592 /* PBXContainerItemProxy */;
		};
/* End PBXTargetDependency section */

/* Begin PBXVariantGroup section */
		9198EC1C1B0A990800559592 /* Main.storyboard */ = {
			isa = PBXVariantGroup;
			children = (
				9198EC1D1B0A990800559592 /* Base */,
			);
			name = Main.storyboard;
			sourceTree = "<group>";
		};
		9198EC211B0A990800559592 /* LaunchScreen.xib */ = {
			isa = PBXVariantGroup;
			children = (
				9198EC221B0A990800559592 /* Base */,
			);
			name = LaunchScreen.xib;
			sourceTree = "<group>";
		};
/* End PBXVariantGroup section */

/* Begin XCBuildConfiguration section */
		9198EC301B0A990900559592 /* Debug */ = {
			isa = XCBuildConfiguration;
			buildSettings = {
				ALWAYS_SEARCH_USER_PATHS = NO;
				CLANG_CXX_LANGUAGE_STANDARD = "gnu++0x";
				CLANG_CXX_LIBRARY = "libc++";
				CLANG_ENABLE_MODULES = YES;
				CLANG_ENABLE_OBJC_ARC = YES;
				CLANG_WARN_BOOL_CONVERSION = YES;
				CLANG_WARN_CONSTANT_CONVERSION = YES;
				CLANG_WARN_DIRECT_OBJC_ISA_USAGE = YES_ERROR;
				CLANG_WARN_EMPTY_BODY = YES;
				CLANG_WARN_ENUM_CONVERSION = YES;
				CLANG_WARN_INT_CONVERSION = YES;
				CLANG_WARN_OBJC_ROOT_CLASS = YES_ERROR;
				CLANG_WARN_UNREACHABLE_CODE = YES;
				CLANG_WARN__DUPLICATE_METHOD_MATCH = YES;
				"CODE_SIGN_IDENTITY[sdk=iphoneos*]" = "iPhone Developer";
				COPY_PHASE_STRIP = NO;
				DEBUG_INFORMATION_FORMAT = "dwarf-with-dsym";
				ENABLE_STRICT_OBJC_MSGSEND = YES;
				GCC_C_LANGUAGE_STANDARD = gnu99;
				GCC_DYNAMIC_NO_PIC = NO;
				GCC_NO_COMMON_BLOCKS = YES;
				GCC_OPTIMIZATION_LEVEL = 0;
				GCC_PREPROCESSOR_DEFINITIONS = (
					"DEBUG=1",
					"$(inherited)",
				);
				GCC_SYMBOLS_PRIVATE_EXTERN = NO;
				GCC_WARN_64_TO_32_BIT_CONVERSION = YES;
				GCC_WARN_ABOUT_RETURN_TYPE = YES_ERROR;
				GCC_WARN_UNDECLARED_SELECTOR = YES;
				GCC_WARN_UNINITIALIZED_AUTOS = YES_AGGRESSIVE;
				GCC_WARN_UNUSED_FUNCTION = YES;
				GCC_WARN_UNUSED_VARIABLE = YES;
				IPHONEOS_DEPLOYMENT_TARGET = 8.3;
				MTL_ENABLE_DEBUG_INFO = YES;
				ONLY_ACTIVE_ARCH = YES;
				SDKROOT = iphoneos;
				SWIFT_OPTIMIZATION_LEVEL = "-Onone";
			};
			name = Debug;
		};
		9198EC311B0A990900559592 /* Release */ = {
			isa = XCBuildConfiguration;
			buildSettings = {
				ALWAYS_SEARCH_USER_PATHS = NO;
				CLANG_CXX_LANGUAGE_STANDARD = "gnu++0x";
				CLANG_CXX_LIBRARY = "libc++";
				CLANG_ENABLE_MODULES = YES;
				CLANG_ENABLE_OBJC_ARC = YES;
				CLANG_WARN_BOOL_CONVERSION = YES;
				CLANG_WARN_CONSTANT_CONVERSION = YES;
				CLANG_WARN_DIRECT_OBJC_ISA_USAGE = YES_ERROR;
				CLANG_WARN_EMPTY_BODY = YES;
				CLANG_WARN_ENUM_CONVERSION = YES;
				CLANG_WARN_INT_CONVERSION = YES;
				CLANG_WARN_OBJC_ROOT_CLASS = YES_ERROR;
				CLANG_WARN_UNREACHABLE_CODE = YES;
				CLANG_WARN__DUPLICATE_METHOD_MATCH = YES;
				"CODE_SIGN_IDENTITY[sdk=iphoneos*]" = "iPhone Developer";
				COPY_PHASE_STRIP = NO;
				DEBUG_INFORMATION_FORMAT = "dwarf-with-dsym";
				ENABLE_NS_ASSERTIONS = NO;
				ENABLE_STRICT_OBJC_MSGSEND = YES;
				GCC_C_LANGUAGE_STANDARD = gnu99;
				GCC_NO_COMMON_BLOCKS = YES;
				GCC_WARN_64_TO_32_BIT_CONVERSION = YES;
				GCC_WARN_ABOUT_RETURN_TYPE = YES_ERROR;
				GCC_WARN_UNDECLARED_SELECTOR = YES;
				GCC_WARN_UNINITIALIZED_AUTOS = YES_AGGRESSIVE;
				GCC_WARN_UNUSED_FUNCTION = YES;
				GCC_WARN_UNUSED_VARIABLE = YES;
				IPHONEOS_DEPLOYMENT_TARGET = 8.3;
				MTL_ENABLE_DEBUG_INFO = NO;
				SDKROOT = iphoneos;
				VALIDATE_PRODUCT = YES;
			};
			name = Release;
		};
		9198EC331B0A990900559592 /* Debug */ = {
			isa = XCBuildConfiguration;
			buildSettings = {
				ASSETCATALOG_COMPILER_APPICON_NAME = AppIcon;
				INFOPLIST_FILE = "ab-HitList/Info.plist";
				LD_RUNPATH_SEARCH_PATHS = "$(inherited) @executable_path/Frameworks";
				PRODUCT_NAME = "$(TARGET_NAME)";
			};
			name = Debug;
		};
		9198EC341B0A990900559592 /* Release */ = {
			isa = XCBuildConfiguration;
			buildSettings = {
				ASSETCATALOG_COMPILER_APPICON_NAME = AppIcon;
				INFOPLIST_FILE = "ab-HitList/Info.plist";
				LD_RUNPATH_SEARCH_PATHS = "$(inherited) @executable_path/Frameworks";
				PRODUCT_NAME = "$(TARGET_NAME)";
			};
			name = Release;
		};
		9198EC361B0A990900559592 /* Debug */ = {
			isa = XCBuildConfiguration;
			buildSettings = {
				BUNDLE_LOADER = "$(TEST_HOST)";
				FRAMEWORK_SEARCH_PATHS = (
					"$(SDKROOT)/Developer/Library/Frameworks",
					"$(inherited)",
				);
				GCC_PREPROCESSOR_DEFINITIONS = (
					"DEBUG=1",
					"$(inherited)",
				);
				INFOPLIST_FILE = "ab-HitListTests/Info.plist";
				LD_RUNPATH_SEARCH_PATHS = "$(inherited) @executable_path/Frameworks @loader_path/Frameworks";
				PRODUCT_NAME = "$(TARGET_NAME)";
				TEST_HOST = "$(BUILT_PRODUCTS_DIR)/ab-HitList.app/ab-HitList";
			};
			name = Debug;
		};
		9198EC371B0A990900559592 /* Release */ = {
			isa = XCBuildConfiguration;
			buildSettings = {
				BUNDLE_LOADER = "$(TEST_HOST)";
				FRAMEWORK_SEARCH_PATHS = (
					"$(SDKROOT)/Developer/Library/Frameworks",
					"$(inherited)",
				);
				INFOPLIST_FILE = "ab-HitListTests/Info.plist";
				LD_RUNPATH_SEARCH_PATHS = "$(inherited) @executable_path/Frameworks @loader_path/Frameworks";
				PRODUCT_NAME = "$(TARGET_NAME)";
				TEST_HOST = "$(BUILT_PRODUCTS_DIR)/ab-HitList.app/ab-HitList";
			};
			name = Release;
		};
/* End XCBuildConfiguration section */

/* Begin XCConfigurationList section */
		9198EC0B1B0A990800559592 /* Build configuration list for PBXProject "ab-HitList" */ = {
			isa = XCConfigurationList;
			buildConfigurations = (
				9198EC301B0A990900559592 /* Debug */,
				9198EC311B0A990900559592 /* Release */,
			);
			defaultConfigurationIsVisible = 0;
			defaultConfigurationName = Release;
		};
		9198EC321B0A990900559592 /* Build configuration list for PBXNativeTarget "ab-HitList" */ = {
			isa = XCConfigurationList;
			buildConfigurations = (
				9198EC331B0A990900559592 /* Debug */,
				9198EC341B0A990900559592 /* Release */,
			);
			defaultConfigurationIsVisible = 0;
		};
		9198EC351B0A990900559592 /* Build configuration list for PBXNativeTarget "ab-HitListTests" */ = {
			isa = XCConfigurationList;
			buildConfigurations = (
				9198EC361B0A990900559592 /* Debug */,
				9198EC371B0A990900559592 /* Release */,
			);
			defaultConfigurationIsVisible = 0;
		};
/* End XCConfigurationList section */

/* Begin XCVersionGroup section */
		9198EC171B0A990800559592 /* ab_HitList.xcdatamodeld */ = {
			isa = XCVersionGroup;
			children = (
				9198EC181B0A990800559592 /* ab_HitList.xcdatamodel */,
			);
			currentVersion = 9198EC181B0A990800559592 /* ab_HitList.xcdatamodel */;
			path = ab_HitList.xcdatamodeld;
			sourceTree = "<group>";
			versionGroupType = wrapper.xcdatamodel;
		};
/* End XCVersionGroup section */
	};
	rootObject = 9198EC081B0A990800559592 /* Project object */;
}
